{
  "version": 4,
  "terraform_version": "0.12.24",
  "serial": 207,
  "lineage": "eb57c60c-18d5-0127-fc4e-6b0f38e0df62",
  "outputs": {},
  "resources": [
    {
      "mode": "managed",
      "type": "nutanix_image",
      "name": "test",
      "provider": "provider.nutanix",
      "instances": [
        {
          "status": "tainted",
          "schema_version": 1,
          "attributes": {
            "api_version": "3.1",
            "architecture": null,
            "availability_zone_reference": {},
            "categories": [],
            "checksum": {},
            "cluster_name": null,
            "cluster_uuid": null,
            "description": "heres a tiny linux image, not an iso, but a real disk!",
            "id": "d1eb54dd-6bcb-415b-b465-af3bd44a2b41",
            "image_type": "DISK_IMAGE",
            "metadata": {
              "creation_time": "2020-08-03 19:17:23 +0000 UTC",
              "last_update_time": "2020-08-04 11:00:05 +0000 UTC",
              "name": "",
              "spec_hash": "",
              "spec_version": "3",
              "uuid": "d1eb54dd-6bcb-415b-b465-af3bd44a2b41"
            },
            "name": "CentOS7",
            "owner_reference": {
              "kind": "user",
              "name": "admin",
              "uuid": "00000000-0000-0000-0000-000000000000"
            },
            "project_reference": null,
            "retrieval_uri_list": [
              "https://127.0.0.1:9440/api/nutanix/v3/images/d1eb54dd-6bcb-415b-b465-af3bd44a2b41/file"
            ],
            "size_bytes": 8589934592,
            "source_path": null,
            "source_uri": "https://cloud.centos.org/centos/7/images/CentOS-7-x86_64-GenericCloud-1604.qcow2",
            "state": "ERROR",
            "version": {}
          }
        }
      ]
    }
  ]
}
