{
  "version": 4,
  "terraform_version": "0.12.24",
  "serial": 208,
  "lineage": "eb57c60c-18d5-0127-fc4e-6b0f38e0df62",
  "outputs": {},
  "resources": [
    {
      "module": "module.nutanix_virtual_machine",
      "mode": "data",
      "type": "nutanix_clusters",
      "name": "clusters",
      "provider": "provider.nutanix",
      "instances": [
        {
          "schema_version": 0,
          "attributes": {
            "api_version": "3.1",
            "entities": [
              {
                "analysis_vm_efficiency_map": {},
                "api_version": "",
                "authorized_public_key_list": [
                  {
                    "key": "ssh-rsa AAAAB3NzaC1yc2EAAAABIwAAAQEAw8NhpiLG/6c8c0LocaQVM6+x8yBvLS+z13nYlqzSKr64HQSH+IIx14bS+uh0xf8ou5ROnbUa44YM9qG2RBK1hBVrwTIKZBwFwOTxDuXH9YoswqflnOeyTGUFerrMxlg5iYvKE01QIErKWt/BJ+hK/qVQi6SHh/WhyjAGNQPxjPBG3oEUFoLV9uDLX9RT/sLIQpBf91DCbF9+2rSToqjydj36d38JbmuGJGqr+DrEd0lKzfiJiQ39t3AXBE1bY2ISX+uwq07XkYZbrHaijrxnOBFZE7ETQmyxdcOvgDxvhnhZpFsUqbPqIqa45CwFWV+btzITvpJkveYjGSGR7ZJNHQ== nutanix@titan",
                    "name": "agave"
                  }
                ],
                "build": {
                  "build_type": "release",
                  "commit_date": "2020-03-27T19:57:30Z",
                  "commit_id": "40f323397468564100c13cae5be145a8b5409233",
                  "full_version": "el7.3-release-euphrates-5.16.1.2-stable-40f323397468564100c13cae5be145a8b5409233",
                  "short_commit_id": "40f323",
                  "version": "5.16.1.2"
                },
                "ca_certificate_list": [],
                "categories": [],
                "certification_signing_info": {},
                "client_auth": {},
                "cluster_arch": "X86_64",
                "domain_server_credentials": {},
                "domain_server_name": "",
                "domain_server_nameserver": "",
                "enabled_feature_list": [
                  "PASSWORD_REMOTE_LOGIN_ENABLED",
                  "SHADOW_CLONES_ENABLED",
                  "SSP_CONFIGURED"
                ],
                "encryption_status": "NOT_SUPPORTED",
                "external_data_services_ip": "",
                "external_ip": "",
                "external_subnet": "192.168.133.0/255.255.255.0",
                "gpu_driver_version": "",
                "http_proxy_list": [],
                "http_proxy_whitelist": [
                  {
                    "target": "192.168.133.110",
                    "target_type": "IPV4_ADDRESS"
                  },
                  {
                    "target": "192.168.133.121",
                    "target_type": "IPV4_ADDRESS"
                  }
                ],
                "internal_subnet": "192.168.132.0/255.255.255.0",
                "is_available": true,
                "management_server_list": [],
                "masquerading_ip": "",
                "masquerading_port": 0,
                "metadata": {
                  "creation_time": "2019-02-21 12:57:22 +0000 UTC",
                  "last_update_time": "2019-09-26 12:51:37 +0000 UTC",
                  "name": "",
                  "spec_hash": "",
                  "spec_version": "25",
                  "uuid": "fd1bd86e-d5e5-42fb-8ccb-385b3e6a12af"
                },
                "name": "Unnamed",
                "name_server_ip_list": [
                  "192.168.132.1",
                  "192.168.132.2"
                ],
                "nfs_subnet_whitelist": [],
                "nodes": [],
                "ntp_server_ip_list": [
                  "192.168.132.1",
                  "192.168.132.2"
                ],
                "operation_mode": "NORMAL",
                "owner_reference": {},
                "project_reference": {},
                "service_list": [
                  "PRISM_CENTRAL"
                ],
                "smtp_server_address": {
                  "fqdn": "smtp.office365.com",
                  "ip": "",
                  "ipv6": "",
                  "port": "587"
                },
                "smtp_server_credentials": {
                  "password": "",
                  "username": "reports@cellwize.com"
                },
                "smtp_server_email_address": "reports@cellwize.com",
                "smtp_server_proxy_type_list": [],
                "smtp_server_type": "STARTTLS",
                "software_map_ncc": {
                  "software_type": "NCC",
                  "status": "INSTALLED",
                  "version": "ncc-3.9.4.1"
                },
                "software_map_nos": {
                  "software_type": "NOS",
                  "status": "INSTALLED",
                  "version": "5.16.1.2"
                },
                "ssl_key_expire_datetime": "2029-02-17T22:49:06Z",
                "ssl_key_name": "",
                "ssl_key_signing_info": {
                  "city": "San Jose",
                  "common_name": "*.nutanix.local\n",
                  "common_name_suffix": "",
                  "country_code": "US",
                  "email_address": "",
                  "organization": "Nutanix Inc.",
                  "state": "CA"
                },
                "ssl_key_type": "RSA_2048",
                "state": "COMPLETE",
                "supported_information_verbosity": "",
                "timezone": "America/Los_Angeles"
              },
              {
                "analysis_vm_efficiency_map": {
                  "bully_vm_num": "0",
                  "constrained_vm_num": "61",
                  "dead_vm_num": "10",
                  "inefficient_vm_num": "85",
                  "overprovisioned_vm_num": "51"
                },
                "api_version": "",
                "authorized_public_key_list": [],
                "build": {
                  "build_type": "release",
                  "commit_date": "",
                  "commit_id": "4fbdd4d9de331230bb468b3549f530e80ab53bb9",
                  "full_version": "el7.3-release-euphrates-5.15-stable-4fbdd4d9de331230bb468b3549f530e80ab53bb9",
                  "short_commit_id": "4fbdd4",
                  "version": "5.15"
                },
                "ca_certificate_list": [],
                "categories": [],
                "certification_signing_info": {},
                "client_auth": {},
                "cluster_arch": "X86_64",
                "domain_server_credentials": {},
                "domain_server_name": "",
                "domain_server_nameserver": "",
                "enabled_feature_list": [
                  "PASSWORD_REMOTE_LOGIN_ENABLED",
                  "SHADOW_CLONES_ENABLED",
                  "COMMON_CRITERIA_MODE_ENABLED",
                  "SSP_CONFIGURED"
                ],
                "encryption_status": "NOT_SUPPORTED",
                "external_data_services_ip": "192.168.132.129",
                "external_ip": "192.168.133.110",
                "external_subnet": "192.168.133.0/255.255.255.0",
                "gpu_driver_version": "",
                "http_proxy_list": [],
                "http_proxy_whitelist": [
                  {
                    "target": "192.168.133.120",
                    "target_type": "IPV4_ADDRESS"
                  }
                ],
                "internal_subnet": "192.168.5.0/255.255.255.128",
                "is_available": true,
                "management_server_list": [],
                "masquerading_ip": "",
                "masquerading_port": 0,
                "metadata": {
                  "creation_time": "2019-02-21 16:29:23 +0000 UTC",
                  "last_update_time": "2020-06-29 08:04:07 +0000 UTC",
                  "name": "",
                  "spec_hash": "",
                  "spec_version": "18",
                  "uuid": "00053f32-d004-7b7e-0000-00000000e296"
                },
                "name": "NTNX-DEV",
                "name_server_ip_list": [
                  "192.168.132.1",
                  "192.168.132.2"
                ],
                "nfs_subnet_whitelist": [],
                "nodes": [
                  {
                    "ip": "127.0.0.1",
                    "type": "AHV",
                    "version": ""
                  },
                  {
                    "ip": "192.168.133.103",
                    "type": "AHV",
                    "version": "el6.nutanix.20170830.395"
                  },
                  {
                    "ip": "192.168.133.101",
                    "type": "AHV",
                    "version": "el6.nutanix.20170830.395"
                  },
                  {
                    "ip": "192.168.133.102",
                    "type": "AHV",
                    "version": "el6.nutanix.20170830.395"
                  },
                  {
                    "ip": "192.168.133.104",
                    "type": "AHV",
                    "version": "el6.nutanix.20170830.395"
                  },
                  {
                    "ip": "192.168.133.105",
                    "type": "AHV",
                    "version": "el6.nutanix.20170830.395"
                  }
                ],
                "ntp_server_ip_list": [
                  "192.168.132.1",
                  "192.168.132.2"
                ],
                "operation_mode": "NORMAL",
                "owner_reference": {
                  "kind": "user",
                  "name": "admin",
                  "uuid": "00000000-0000-0000-0000-000000000000"
                },
                "project_reference": {},
                "service_list": [
                  "AOS"
                ],
                "smtp_server_address": {
                  "fqdn": "smtp.office365.com",
                  "ip": "",
                  "ipv6": "",
                  "port": "587"
                },
                "smtp_server_credentials": {
                  "password": "",
                  "username": "reports@cellwize.com"
                },
                "smtp_server_email_address": "reports@cellwize.com",
                "smtp_server_proxy_type_list": [],
                "smtp_server_type": "STARTTLS",
                "software_map_ncc": {
                  "software_type": "NCC",
                  "status": "INSTALLED",
                  "version": "ncc-3.9.4.1"
                },
                "software_map_nos": {
                  "software_type": "NOS",
                  "status": "INSTALLED",
                  "version": "5.15"
                },
                "ssl_key_expire_datetime": "2029-02-17T22:49:06Z",
                "ssl_key_name": "",
                "ssl_key_signing_info": {
                  "city": "San Jose",
                  "common_name": "*.nutanix.local\n",
                  "common_name_suffix": "",
                  "country_code": "US",
                  "email_address": "",
                  "organization": "Nutanix Inc.",
                  "state": "CA"
                },
                "ssl_key_type": "RSA_2048",
                "state": "COMPLETE",
                "supported_information_verbosity": "BASIC_PLUS_CORE_DUMP",
                "timezone": "Israel"
              },
              {
                "analysis_vm_efficiency_map": {
                  "bully_vm_num": "0",
                  "constrained_vm_num": "8",
                  "dead_vm_num": "0",
                  "inefficient_vm_num": "32",
                  "overprovisioned_vm_num": "29"
                },
                "api_version": "",
                "authorized_public_key_list": [],
                "build": {
                  "build_type": "release",
                  "commit_date": "",
                  "commit_id": "4fbdd4d9de331230bb468b3549f530e80ab53bb9",
                  "full_version": "el7.3-release-euphrates-5.15-stable-4fbdd4d9de331230bb468b3549f530e80ab53bb9",
                  "short_commit_id": "4fbdd4",
                  "version": "5.15"
                },
                "ca_certificate_list": [],
                "categories": [],
                "certification_signing_info": {},
                "client_auth": {},
                "cluster_arch": "X86_64",
                "domain_server_credentials": {},
                "domain_server_name": "",
                "domain_server_nameserver": "",
                "enabled_feature_list": [
                  "PASSWORD_REMOTE_LOGIN_ENABLED",
                  "SHADOW_CLONES_ENABLED"
                ],
                "encryption_status": "NOT_SUPPORTED",
                "external_data_services_ip": "192.168.133.122",
                "external_ip": "192.168.133.121",
                "external_subnet": "192.168.133.0/255.255.255.0",
                "gpu_driver_version": "",
                "http_proxy_list": [],
                "http_proxy_whitelist": [
                  {
                    "target": "192.168.133.120",
                    "target_type": "IPV4_ADDRESS"
                  }
                ],
                "internal_subnet": "192.168.5.0/255.255.255.128",
                "is_available": true,
                "management_server_list": [],
                "masquerading_ip": "",
                "masquerading_port": 0,
                "metadata": {
                  "creation_time": "2020-05-27 07:52:03 +0000 UTC",
                  "last_update_time": "2020-05-27 07:52:03 +0000 UTC",
                  "name": "",
                  "spec_hash": "",
                  "spec_version": "17",
                  "uuid": "0005a661-2b3f-a7c8-7fe8-48df37c63c30"
                },
                "name": "NTNX-PROD",
                "name_server_ip_list": [
                  "192.168.132.1",
                  "192.168.132.2"
                ],
                "nfs_subnet_whitelist": [
                  "192.168.132.61/255.255.255.255"
                ],
                "nodes": [
                  {
                    "ip": "192.168.133.108",
                    "type": "AHV",
                    "version": "el6.nutanix.20170830.395"
                  },
                  {
                    "ip": "127.0.0.1",
                    "type": "AHV",
                    "version": ""
                  },
                  {
                    "ip": "192.168.133.106",
                    "type": "AHV",
                    "version": "el6.nutanix.20170830.395"
                  },
                  {
                    "ip": "192.168.133.107",
                    "type": "AHV",
                    "version": "el6.nutanix.20170830.395"
                  }
                ],
                "ntp_server_ip_list": [
                  "192.168.132.1",
                  "192.168.132.2"
                ],
                "operation_mode": "NORMAL",
                "owner_reference": {},
                "project_reference": {},
                "service_list": [
                  "AOS"
                ],
                "smtp_server_address": {},
                "smtp_server_credentials": {},
                "smtp_server_email_address": "",
                "smtp_server_proxy_type_list": [],
                "smtp_server_type": "",
                "software_map_ncc": {
                  "software_type": "NCC",
                  "status": "INSTALLED",
                  "version": "ncc-3.9.4.1"
                },
                "software_map_nos": {
                  "software_type": "NOS",
                  "status": "INSTALLED",
                  "version": "5.15"
                },
                "ssl_key_expire_datetime": "2029-02-17T22:49:06Z",
                "ssl_key_name": "",
                "ssl_key_signing_info": {
                  "city": "San Jose",
                  "common_name": "*.nutanix.local\n",
                  "common_name_suffix": "",
                  "country_code": "US",
                  "email_address": "",
                  "organization": "Nutanix Inc.",
                  "state": "CA"
                },
                "ssl_key_type": "RSA_2048",
                "state": "COMPLETE",
                "supported_information_verbosity": "BASIC_PLUS_CORE_DUMP",
                "timezone": "Asia/Jerusalem"
              }
            ],
            "id": "terraform-20200809083200723200000001"
          }
        }
      ]
    },
    {
      "mode": "managed",
      "type": "nutanix_image",
      "name": "test",
      "provider": "provider.nutanix",
      "instances": [
        {
          "status": "tainted",
          "schema_version": 1,
          "attributes": {
            "api_version": "3.1",
            "architecture": null,
            "availability_zone_reference": {},
            "categories": [],
            "checksum": {},
            "cluster_name": null,
            "cluster_uuid": null,
            "description": "heres a tiny linux image, not an iso, but a real disk!",
            "id": "d1eb54dd-6bcb-415b-b465-af3bd44a2b41",
            "image_type": "DISK_IMAGE",
            "metadata": {
              "creation_time": "2020-08-03 19:17:23 +0000 UTC",
              "last_update_time": "2020-08-04 11:00:05 +0000 UTC",
              "name": "",
              "spec_hash": "",
              "spec_version": "3",
              "uuid": "d1eb54dd-6bcb-415b-b465-af3bd44a2b41"
            },
            "name": "CentOS7",
            "owner_reference": {
              "kind": "user",
              "name": "admin",
              "uuid": "00000000-0000-0000-0000-000000000000"
            },
            "project_reference": null,
            "retrieval_uri_list": [
              "https://127.0.0.1:9440/api/nutanix/v3/images/d1eb54dd-6bcb-415b-b465-af3bd44a2b41/file"
            ],
            "size_bytes": 8589934592,
            "source_path": null,
            "source_uri": "https://cloud.centos.org/centos/7/images/CentOS-7-x86_64-GenericCloud-1604.qcow2",
            "state": "ERROR",
            "version": {}
          }
        }
      ]
    },
    {
      "module": "module.nutanix_virtual_machine",
      "mode": "managed",
      "type": "nutanix_virtual_machine",
      "name": "node01",
      "each": "list",
      "provider": "provider.nutanix",
      "instances": [
        {
          "index_key": 0,
          "status": "tainted",
          "schema_version": 1,
          "attributes": {
            "api_version": "3.1",
            "availability_zone_reference": {},
            "boot_device_disk_address": {},
            "boot_device_mac_address": "",
            "boot_device_order_list": [],
            "categories": [],
            "cluster_name": "NTNX-DEV",
            "cluster_uuid": "00053f32-d004-7b7e-0000-00000000e296",
            "description": "K8s_centos_server",
            "disk_list": [
              {
                "data_source_reference": {
                  "kind": "image",
                  "uuid": "600a37c2-c4b1-4d11-a189-bad22c9b7f20"
                },
                "device_properties": [
                  {
                    "device_type": "DISK",
                    "disk_address": {
                      "adapter_type": "SCSI",
                      "device_index": "0"
                    }
                  }
                ],
                "disk_size_bytes": 15728640000,
                "disk_size_mib": 15000,
                "storage_config": [],
                "uuid": "6ff0d995-d3a4-400d-b641-aba012241299",
                "volume_group_reference": {}
              }
            ],
            "enable_script_exec": false,
            "gpu_list": [],
            "guest_customization_cloud_init_custom_key_values": {},
            "guest_customization_cloud_init_meta_data": "",
            "guest_customization_cloud_init_user_data": "",
            "guest_customization_is_overridable": false,
            "guest_customization_sysprep": {},
            "guest_customization_sysprep_custom_key_values": {},
            "guest_os_id": "",
            "hardware_clock_timezone": "UTC",
            "host_reference": {
              "kind": "host",
              "name": "192.168.133.105",
              "uuid": "689fc670-2908-4f71-9378-7557b522b756"
            },
            "hypervisor_type": null,
            "id": "bd7cfefc-bbf2-4496-bd91-9aec2bc19a99",
            "memory_size_mib": 4096,
            "metadata": {
              "creation_time": "2020-08-09 08:32:06 +0000 UTC",
              "last_update_time": "2020-08-09 08:32:45 +0000 UTC",
              "name": "",
              "spec_hash": "",
              "spec_version": "1",
              "uuid": "bd7cfefc-bbf2-4496-bd91-9aec2bc19a99"
            },
            "name": "node01.0",
            "ngt_credentials": {},
            "ngt_enabled_capability_list": [],
            "nic_list": [
              {
                "ip_endpoint_list": [],
                "is_connected": "true",
                "mac_address": "50:6b:8d:8d:3f:73",
                "model": "",
                "network_function_chain_reference": {},
                "network_function_nic_type": "",
                "nic_type": "NORMAL_NIC",
                "subnet_name": "vlan.0",
                "subnet_uuid": "6cdd3209-c4f8-4f7d-b2f5-69a532868a0f",
                "uuid": "7a87786e-c7ba-4f6c-a005-a6b984f41e33"
              }
            ],
            "nic_list_status": [
              {
                "floating_ip": "",
                "ip_endpoint_list": [
                  {
                    "ip": "192.168.132.62",
                    "type": "LEARNED"
                  }
                ],
                "is_connected": "true",
                "mac_address": "50:6b:8d:8d:3f:73",
                "model": "",
                "network_function_chain_reference": {},
                "network_function_nic_type": "",
                "nic_type": "NORMAL_NIC",
                "subnet_name": "vlan.0",
                "subnet_uuid": "6cdd3209-c4f8-4f7d-b2f5-69a532868a0f",
                "uuid": "7a87786e-c7ba-4f6c-a005-a6b984f41e33"
              }
            ],
            "num_sockets": 1,
            "num_vcpus_per_socket": 2,
            "num_vnuma_nodes": 0,
            "nutanix_guest_tools": {},
            "owner_reference": {
              "kind": "user",
              "name": "admin",
              "uuid": "00000000-0000-0000-0000-000000000000"
            },
            "parent_reference": {},
            "power_state": "ON",
            "power_state_mechanism": "HARD",
            "project_reference": {
              "kind": "project",
              "name": "default",
              "uuid": "4cc81f6f-9fd7-4a06-8696-40bdd68a3f58"
            },
            "serial_port_list": [],
            "should_fail_on_script_failure": false,
            "state": "COMPLETE",
            "use_hot_add": true,
            "vga_console_enabled": true
          },
          "private": "eyJzY2hlbWFfdmVyc2lvbiI6IjEifQ=="
        },
        {
          "index_key": 1,
          "status": "tainted",
          "schema_version": 1,
          "attributes": {
            "api_version": "3.1",
            "availability_zone_reference": {},
            "boot_device_disk_address": {},
            "boot_device_mac_address": "",
            "boot_device_order_list": [],
            "categories": [],
            "cluster_name": "NTNX-DEV",
            "cluster_uuid": "00053f32-d004-7b7e-0000-00000000e296",
            "description": "K8s_centos_server",
            "disk_list": [
              {
                "data_source_reference": {
                  "kind": "image",
                  "uuid": "600a37c2-c4b1-4d11-a189-bad22c9b7f20"
                },
                "device_properties": [
                  {
                    "device_type": "DISK",
                    "disk_address": {
                      "adapter_type": "SCSI",
                      "device_index": "0"
                    }
                  }
                ],
                "disk_size_bytes": 15728640000,
                "disk_size_mib": 15000,
                "storage_config": [],
                "uuid": "0f51ad7a-f8c9-4725-8f57-d2547193a0bc",
                "volume_group_reference": {}
              }
            ],
            "enable_script_exec": false,
            "gpu_list": [],
            "guest_customization_cloud_init_custom_key_values": {},
            "guest_customization_cloud_init_meta_data": "",
            "guest_customization_cloud_init_user_data": "",
            "guest_customization_is_overridable": false,
            "guest_customization_sysprep": {},
            "guest_customization_sysprep_custom_key_values": {},
            "guest_os_id": "",
            "hardware_clock_timezone": "UTC",
            "host_reference": {
              "kind": "host",
              "name": "192.168.133.105",
              "uuid": "689fc670-2908-4f71-9378-7557b522b756"
            },
            "hypervisor_type": null,
            "id": "33554e0a-bd2f-4763-8844-584644b50b5e",
            "memory_size_mib": 4096,
            "metadata": {
              "creation_time": "2020-08-09 08:32:05 +0000 UTC",
              "last_update_time": "2020-08-09 08:32:19 +0000 UTC",
              "name": "",
              "spec_hash": "",
              "spec_version": "1",
              "uuid": "33554e0a-bd2f-4763-8844-584644b50b5e"
            },
            "name": "node01.1",
            "ngt_credentials": {},
            "ngt_enabled_capability_list": [],
            "nic_list": [
              {
                "ip_endpoint_list": [],
                "is_connected": "true",
                "mac_address": "50:6b:8d:0c:fa:04",
                "model": "",
                "network_function_chain_reference": {},
                "network_function_nic_type": "",
                "nic_type": "NORMAL_NIC",
                "subnet_name": "vlan.0",
                "subnet_uuid": "6cdd3209-c4f8-4f7d-b2f5-69a532868a0f",
                "uuid": "9a3f0815-27dc-49f7-9688-2755aa202870"
              }
            ],
            "nic_list_status": [
              {
                "floating_ip": "",
                "ip_endpoint_list": [
                  {
                    "ip": "192.168.132.54",
                    "type": "LEARNED"
                  }
                ],
                "is_connected": "true",
                "mac_address": "50:6b:8d:0c:fa:04",
                "model": "",
                "network_function_chain_reference": {},
                "network_function_nic_type": "",
                "nic_type": "NORMAL_NIC",
                "subnet_name": "vlan.0",
                "subnet_uuid": "6cdd3209-c4f8-4f7d-b2f5-69a532868a0f",
                "uuid": "9a3f0815-27dc-49f7-9688-2755aa202870"
              }
            ],
            "num_sockets": 1,
            "num_vcpus_per_socket": 2,
            "num_vnuma_nodes": 0,
            "nutanix_guest_tools": {},
            "owner_reference": {
              "kind": "user",
              "name": "admin",
              "uuid": "00000000-0000-0000-0000-000000000000"
            },
            "parent_reference": {},
            "power_state": "ON",
            "power_state_mechanism": "HARD",
            "project_reference": {
              "kind": "project",
              "name": "default",
              "uuid": "4cc81f6f-9fd7-4a06-8696-40bdd68a3f58"
            },
            "serial_port_list": [],
            "should_fail_on_script_failure": false,
            "state": "COMPLETE",
            "use_hot_add": true,
            "vga_console_enabled": true
          },
          "private": "eyJzY2hlbWFfdmVyc2lvbiI6IjEifQ=="
        },
        {
          "index_key": 2,
          "status": "tainted",
          "schema_version": 1,
          "attributes": {
            "api_version": "3.1",
            "availability_zone_reference": {},
            "boot_device_disk_address": {},
            "boot_device_mac_address": "",
            "boot_device_order_list": [],
            "categories": [],
            "cluster_name": "NTNX-DEV",
            "cluster_uuid": "00053f32-d004-7b7e-0000-00000000e296",
            "description": "K8s_centos_server",
            "disk_list": [
              {
                "data_source_reference": {
                  "kind": "image",
                  "uuid": "600a37c2-c4b1-4d11-a189-bad22c9b7f20"
                },
                "device_properties": [
                  {
                    "device_type": "DISK",
                    "disk_address": {
                      "adapter_type": "SCSI",
                      "device_index": "0"
                    }
                  }
                ],
                "disk_size_bytes": 15728640000,
                "disk_size_mib": 15000,
                "storage_config": [],
                "uuid": "1b22c126-69ff-4e04-a0d6-e12b2fdd09fc",
                "volume_group_reference": {}
              }
            ],
            "enable_script_exec": false,
            "gpu_list": [],
            "guest_customization_cloud_init_custom_key_values": {},
            "guest_customization_cloud_init_meta_data": "",
            "guest_customization_cloud_init_user_data": "",
            "guest_customization_is_overridable": false,
            "guest_customization_sysprep": {},
            "guest_customization_sysprep_custom_key_values": {},
            "guest_os_id": "",
            "hardware_clock_timezone": "UTC",
            "host_reference": {
              "kind": "host",
              "name": "192.168.133.105",
              "uuid": "689fc670-2908-4f71-9378-7557b522b756"
            },
            "hypervisor_type": null,
            "id": "17efb283-6af1-4b07-8d27-8906fb6d8dbf",
            "memory_size_mib": 4096,
            "metadata": {
              "creation_time": "2020-08-09 08:32:06 +0000 UTC",
              "last_update_time": "2020-08-09 08:32:20 +0000 UTC",
              "name": "",
              "spec_hash": "",
              "spec_version": "1",
              "uuid": "17efb283-6af1-4b07-8d27-8906fb6d8dbf"
            },
            "name": "node01.2",
            "ngt_credentials": {},
            "ngt_enabled_capability_list": [],
            "nic_list": [
              {
                "ip_endpoint_list": [],
                "is_connected": "true",
                "mac_address": "50:6b:8d:ad:01:1b",
                "model": "",
                "network_function_chain_reference": {},
                "network_function_nic_type": "",
                "nic_type": "NORMAL_NIC",
                "subnet_name": "vlan.0",
                "subnet_uuid": "6cdd3209-c4f8-4f7d-b2f5-69a532868a0f",
                "uuid": "fdb0c1b9-d127-421d-920c-1137e31b2fb0"
              }
            ],
            "nic_list_status": [
              {
                "floating_ip": "",
                "ip_endpoint_list": [
                  {
                    "ip": "192.168.132.76",
                    "type": "LEARNED"
                  }
                ],
                "is_connected": "true",
                "mac_address": "50:6b:8d:ad:01:1b",
                "model": "",
                "network_function_chain_reference": {},
                "network_function_nic_type": "",
                "nic_type": "NORMAL_NIC",
                "subnet_name": "vlan.0",
                "subnet_uuid": "6cdd3209-c4f8-4f7d-b2f5-69a532868a0f",
                "uuid": "fdb0c1b9-d127-421d-920c-1137e31b2fb0"
              }
            ],
            "num_sockets": 1,
            "num_vcpus_per_socket": 2,
            "num_vnuma_nodes": 0,
            "nutanix_guest_tools": {},
            "owner_reference": {
              "kind": "user",
              "name": "admin",
              "uuid": "00000000-0000-0000-0000-000000000000"
            },
            "parent_reference": {},
            "power_state": "ON",
            "power_state_mechanism": "HARD",
            "project_reference": {
              "kind": "project",
              "name": "default",
              "uuid": "4cc81f6f-9fd7-4a06-8696-40bdd68a3f58"
            },
            "serial_port_list": [],
            "should_fail_on_script_failure": false,
            "state": "COMPLETE",
            "use_hot_add": true,
            "vga_console_enabled": true
          },
          "private": "eyJzY2hlbWFfdmVyc2lvbiI6IjEifQ=="
        }
      ]
    }
  ]
}
