{
  "version": 4,
  "terraform_version": "0.12.24",
  "serial": 36,
  "lineage": "7a7898c1-ddd1-4378-bd41-298651c2af8a",
  "outputs": {},
  "resources": [
    {
      "mode": "data",
      "type": "nutanix_clusters",
      "name": "clusters",
      "provider": "provider.nutanix",
      "instances": [
        {
          "schema_version": 0,
          "attributes": {
            "api_version": "3.1",
            "entities": [
              {
                "analysis_vm_efficiency_map": {},
                "api_version": "",
                "authorized_public_key_list": [
                  {
                    "key": "ssh-rsa AAAAB3NzaC1yc2EAAAABIwAAAQEAw8NhpiLG/6c8c0LocaQVM6+x8yBvLS+z13nYlqzSKr64HQSH+IIx14bS+uh0xf8ou5ROnbUa44YM9qG2RBK1hBVrwTIKZBwFwOTxDuXH9YoswqflnOeyTGUFerrMxlg5iYvKE01QIErKWt/BJ+hK/qVQi6SHh/WhyjAGNQPxjPBG3oEUFoLV9uDLX9RT/sLIQpBf91DCbF9+2rSToqjydj36d38JbmuGJGqr+DrEd0lKzfiJiQ39t3AXBE1bY2ISX+uwq07XkYZbrHaijrxnOBFZE7ETQmyxdcOvgDxvhnhZpFsUqbPqIqa45CwFWV+btzITvpJkveYjGSGR7ZJNHQ== nutanix@titan",
                    "name": "agave"
                  }
                ],
                "build": {
                  "build_type": "release",
                  "commit_date": "2020-03-27T19:57:30Z",
                  "commit_id": "40f323397468564100c13cae5be145a8b5409233",
                  "full_version": "el7.3-release-euphrates-5.16.1.2-stable-40f323397468564100c13cae5be145a8b5409233",
                  "short_commit_id": "40f323",
                  "version": "5.16.1.2"
                },
                "ca_certificate_list": [],
                "categories": [],
                "certification_signing_info": {},
                "client_auth": {},
                "cluster_arch": "X86_64",
                "domain_server_credentials": {},
                "domain_server_name": "",
                "domain_server_nameserver": "",
                "enabled_feature_list": [
                  "PASSWORD_REMOTE_LOGIN_ENABLED",
                  "SHADOW_CLONES_ENABLED",
                  "SSP_CONFIGURED"
                ],
                "encryption_status": "NOT_SUPPORTED",
                "external_data_services_ip": "",
                "external_ip": "",
                "external_subnet": "192.168.133.0/255.255.255.0",
                "gpu_driver_version": "",
                "http_proxy_list": [],
                "http_proxy_whitelist": [
                  {
                    "target": "192.168.133.110",
                    "target_type": "IPV4_ADDRESS"
                  },
                  {
                    "target": "192.168.133.121",
                    "target_type": "IPV4_ADDRESS"
                  }
                ],
                "internal_subnet": "192.168.132.0/255.255.255.0",
                "is_available": true,
                "management_server_list": [],
                "masquerading_ip": "",
                "masquerading_port": 0,
                "metadata": {
                  "creation_time": "2019-02-21 12:57:22 +0000 UTC",
                  "last_update_time": "2019-09-26 12:51:37 +0000 UTC",
                  "name": "",
                  "spec_hash": "",
                  "spec_version": "25",
                  "uuid": "fd1bd86e-d5e5-42fb-8ccb-385b3e6a12af"
                },
                "name": "Unnamed",
                "name_server_ip_list": [
                  "192.168.132.1",
                  "192.168.132.2"
                ],
                "nfs_subnet_whitelist": [],
                "nodes": [],
                "ntp_server_ip_list": [
                  "192.168.132.1",
                  "192.168.132.2"
                ],
                "operation_mode": "NORMAL",
                "owner_reference": {},
                "project_reference": {},
                "service_list": [
                  "PRISM_CENTRAL"
                ],
                "smtp_server_address": {
                  "fqdn": "smtp.office365.com",
                  "ip": "",
                  "ipv6": "",
                  "port": "587"
                },
                "smtp_server_credentials": {
                  "password": "",
                  "username": "reports@cellwize.com"
                },
                "smtp_server_email_address": "reports@cellwize.com",
                "smtp_server_proxy_type_list": [],
                "smtp_server_type": "STARTTLS",
                "software_map_ncc": {
                  "software_type": "NCC",
                  "status": "INSTALLED",
                  "version": "ncc-3.9.4.1"
                },
                "software_map_nos": {
                  "software_type": "NOS",
                  "status": "INSTALLED",
                  "version": "5.16.1.2"
                },
                "ssl_key_expire_datetime": "2029-02-17T22:49:06Z",
                "ssl_key_name": "",
                "ssl_key_signing_info": {
                  "city": "San Jose",
                  "common_name": "*.nutanix.local\n",
                  "common_name_suffix": "",
                  "country_code": "US",
                  "email_address": "",
                  "organization": "Nutanix Inc.",
                  "state": "CA"
                },
                "ssl_key_type": "RSA_2048",
                "state": "COMPLETE",
                "supported_information_verbosity": "",
                "timezone": "America/Los_Angeles"
              },
              {
                "analysis_vm_efficiency_map": {
                  "bully_vm_num": "1",
                  "constrained_vm_num": "61",
                  "dead_vm_num": "10",
                  "inefficient_vm_num": "85",
                  "overprovisioned_vm_num": "51"
                },
                "api_version": "",
                "authorized_public_key_list": [],
                "build": {
                  "build_type": "release",
                  "commit_date": "",
                  "commit_id": "4fbdd4d9de331230bb468b3549f530e80ab53bb9",
                  "full_version": "el7.3-release-euphrates-5.15-stable-4fbdd4d9de331230bb468b3549f530e80ab53bb9",
                  "short_commit_id": "4fbdd4",
                  "version": "5.15"
                },
                "ca_certificate_list": [],
                "categories": [],
                "certification_signing_info": {},
                "client_auth": {},
                "cluster_arch": "X86_64",
                "domain_server_credentials": {},
                "domain_server_name": "",
                "domain_server_nameserver": "",
                "enabled_feature_list": [
                  "PASSWORD_REMOTE_LOGIN_ENABLED",
                  "SHADOW_CLONES_ENABLED",
                  "COMMON_CRITERIA_MODE_ENABLED",
                  "SSP_CONFIGURED"
                ],
                "encryption_status": "NOT_SUPPORTED",
                "external_data_services_ip": "192.168.132.129",
                "external_ip": "192.168.133.110",
                "external_subnet": "192.168.133.0/255.255.255.0",
                "gpu_driver_version": "",
                "http_proxy_list": [],
                "http_proxy_whitelist": [
                  {
                    "target": "192.168.133.120",
                    "target_type": "IPV4_ADDRESS"
                  }
                ],
                "internal_subnet": "192.168.5.0/255.255.255.128",
                "is_available": true,
                "management_server_list": [],
                "masquerading_ip": "",
                "masquerading_port": 0,
                "metadata": {
                  "creation_time": "2019-02-21 16:29:23 +0000 UTC",
                  "last_update_time": "2020-06-29 08:04:07 +0000 UTC",
                  "name": "",
                  "spec_hash": "",
                  "spec_version": "18",
                  "uuid": "00053f32-d004-7b7e-0000-00000000e296"
                },
                "name": "NTNX-DEV",
                "name_server_ip_list": [
                  "192.168.132.1",
                  "192.168.132.2"
                ],
                "nfs_subnet_whitelist": [],
                "nodes": [
                  {
                    "ip": "127.0.0.1",
                    "type": "AHV",
                    "version": ""
                  },
                  {
                    "ip": "192.168.133.103",
                    "type": "AHV",
                    "version": "el6.nutanix.20170830.395"
                  },
                  {
                    "ip": "192.168.133.101",
                    "type": "AHV",
                    "version": "el6.nutanix.20170830.395"
                  },
                  {
                    "ip": "192.168.133.102",
                    "type": "AHV",
                    "version": "el6.nutanix.20170830.395"
                  },
                  {
                    "ip": "192.168.133.104",
                    "type": "AHV",
                    "version": "el6.nutanix.20170830.395"
                  },
                  {
                    "ip": "192.168.133.105",
                    "type": "AHV",
                    "version": "el6.nutanix.20170830.395"
                  }
                ],
                "ntp_server_ip_list": [
                  "192.168.132.1",
                  "192.168.132.2"
                ],
                "operation_mode": "NORMAL",
                "owner_reference": {
                  "kind": "user",
                  "name": "admin",
                  "uuid": "00000000-0000-0000-0000-000000000000"
                },
                "project_reference": {},
                "service_list": [
                  "AOS"
                ],
                "smtp_server_address": {
                  "fqdn": "smtp.office365.com",
                  "ip": "",
                  "ipv6": "",
                  "port": "587"
                },
                "smtp_server_credentials": {
                  "password": "",
                  "username": "reports@cellwize.com"
                },
                "smtp_server_email_address": "reports@cellwize.com",
                "smtp_server_proxy_type_list": [],
                "smtp_server_type": "STARTTLS",
                "software_map_ncc": {
                  "software_type": "NCC",
                  "status": "INSTALLED",
                  "version": "ncc-3.9.4.1"
                },
                "software_map_nos": {
                  "software_type": "NOS",
                  "status": "INSTALLED",
                  "version": "5.15"
                },
                "ssl_key_expire_datetime": "2029-02-17T22:49:06Z",
                "ssl_key_name": "",
                "ssl_key_signing_info": {
                  "city": "San Jose",
                  "common_name": "*.nutanix.local\n",
                  "common_name_suffix": "",
                  "country_code": "US",
                  "email_address": "",
                  "organization": "Nutanix Inc.",
                  "state": "CA"
                },
                "ssl_key_type": "RSA_2048",
                "state": "COMPLETE",
                "supported_information_verbosity": "BASIC_PLUS_CORE_DUMP",
                "timezone": "Israel"
              },
              {
                "analysis_vm_efficiency_map": {
                  "bully_vm_num": "0",
                  "constrained_vm_num": "8",
                  "dead_vm_num": "0",
                  "inefficient_vm_num": "32",
                  "overprovisioned_vm_num": "29"
                },
                "api_version": "",
                "authorized_public_key_list": [],
                "build": {
                  "build_type": "release",
                  "commit_date": "",
                  "commit_id": "4fbdd4d9de331230bb468b3549f530e80ab53bb9",
                  "full_version": "el7.3-release-euphrates-5.15-stable-4fbdd4d9de331230bb468b3549f530e80ab53bb9",
                  "short_commit_id": "4fbdd4",
                  "version": "5.15"
                },
                "ca_certificate_list": [],
                "categories": [],
                "certification_signing_info": {},
                "client_auth": {},
                "cluster_arch": "X86_64",
                "domain_server_credentials": {},
                "domain_server_name": "",
                "domain_server_nameserver": "",
                "enabled_feature_list": [
                  "PASSWORD_REMOTE_LOGIN_ENABLED",
                  "SHADOW_CLONES_ENABLED"
                ],
                "encryption_status": "NOT_SUPPORTED",
                "external_data_services_ip": "192.168.133.122",
                "external_ip": "192.168.133.121",
                "external_subnet": "192.168.133.0/255.255.255.0",
                "gpu_driver_version": "",
                "http_proxy_list": [],
                "http_proxy_whitelist": [
                  {
                    "target": "192.168.133.120",
                    "target_type": "IPV4_ADDRESS"
                  }
                ],
                "internal_subnet": "192.168.5.0/255.255.255.128",
                "is_available": true,
                "management_server_list": [],
                "masquerading_ip": "",
                "masquerading_port": 0,
                "metadata": {
                  "creation_time": "2020-05-27 07:52:03 +0000 UTC",
                  "last_update_time": "2020-05-27 07:52:03 +0000 UTC",
                  "name": "",
                  "spec_hash": "",
                  "spec_version": "17",
                  "uuid": "0005a661-2b3f-a7c8-7fe8-48df37c63c30"
                },
                "name": "NTNX-PROD",
                "name_server_ip_list": [
                  "192.168.132.1",
                  "192.168.132.2"
                ],
                "nfs_subnet_whitelist": [
                  "192.168.132.61/255.255.255.255"
                ],
                "nodes": [
                  {
                    "ip": "192.168.133.108",
                    "type": "AHV",
                    "version": "el6.nutanix.20170830.395"
                  },
                  {
                    "ip": "127.0.0.1",
                    "type": "AHV",
                    "version": ""
                  },
                  {
                    "ip": "192.168.133.106",
                    "type": "AHV",
                    "version": "el6.nutanix.20170830.395"
                  },
                  {
                    "ip": "192.168.133.107",
                    "type": "AHV",
                    "version": "el6.nutanix.20170830.395"
                  }
                ],
                "ntp_server_ip_list": [
                  "192.168.132.1",
                  "192.168.132.2"
                ],
                "operation_mode": "NORMAL",
                "owner_reference": {},
                "project_reference": {},
                "service_list": [
                  "AOS"
                ],
                "smtp_server_address": {},
                "smtp_server_credentials": {},
                "smtp_server_email_address": "",
                "smtp_server_proxy_type_list": [],
                "smtp_server_type": "",
                "software_map_ncc": {
                  "software_type": "NCC",
                  "status": "INSTALLED",
                  "version": "ncc-3.9.4.1"
                },
                "software_map_nos": {
                  "software_type": "NOS",
                  "status": "INSTALLED",
                  "version": "5.15"
                },
                "ssl_key_expire_datetime": "2029-02-17T22:49:06Z",
                "ssl_key_name": "",
                "ssl_key_signing_info": {
                  "city": "San Jose",
                  "common_name": "*.nutanix.local\n",
                  "common_name_suffix": "",
                  "country_code": "US",
                  "email_address": "",
                  "organization": "Nutanix Inc.",
                  "state": "CA"
                },
                "ssl_key_type": "RSA_2048",
                "state": "COMPLETE",
                "supported_information_verbosity": "BASIC_PLUS_CORE_DUMP",
                "timezone": "Asia/Jerusalem"
              }
            ],
            "id": "terraform-20200808183537623600000001"
          }
        }
      ]
    },
    {
      "mode": "managed",
      "type": "nutanix_image",
      "name": "centos",
      "provider": "provider.nutanix",
      "instances": [
        {
          "status": "tainted",
          "schema_version": 1,
          "attributes": {
            "api_version": null,
            "architecture": null,
            "availability_zone_reference": null,
            "categories": [],
            "checksum": null,
            "cluster_name": null,
            "cluster_uuid": null,
            "description": "Centos Karbon image",
            "id": "44d28487-ccfc-4c92-ade0-27b714047d5e",
            "image_type": null,
            "metadata": null,
            "name": "karbon-centos7.5.1804-ntnx-0.6",
            "owner_reference": null,
            "project_reference": null,
            "retrieval_uri_list": null,
            "size_bytes": null,
            "source_path": null,
            "source_uri": "https://192.168.133.120:9440/console/#page/explore/ebrowser/image_infos/karbon-centos7.5.1804-ntnx-0.6",
            "state": null,
            "version": null
          },
          "private": "eyJzY2hlbWFfdmVyc2lvbiI6IjEifQ=="
        }
      ]
    },
    {
      "mode": "managed",
      "type": "nutanix_virtual_machine",
      "name": "demo-01-web",
      "each": "list",
      "provider": "provider.nutanix",
      "instances": [
        {
          "index_key": 0,
          "schema_version": 1,
          "attributes": {
            "api_version": "3.1",
            "availability_zone_reference": {},
            "boot_device_disk_address": {},
            "boot_device_mac_address": "",
            "boot_device_order_list": [],
            "categories": [],
            "cluster_name": "NTNX-DEV",
            "cluster_uuid": "00053f32-d004-7b7e-0000-00000000e296",
            "description": "K8s_centos_server",
            "disk_list": [
              {
                "data_source_reference": {
                  "kind": "image",
                  "uuid": "600a37c2-c4b1-4d11-a189-bad22c9b7f20"
                },
                "device_properties": [
                  {
                    "device_type": "DISK",
                    "disk_address": {
                      "adapter_type": "SCSI",
                      "device_index": "0"
                    }
                  }
                ],
                "disk_size_bytes": 15728640000,
                "disk_size_mib": 15000,
                "storage_config": [],
                "uuid": "28438cf1-827b-4afe-abc1-546960c37229",
                "volume_group_reference": {}
              }
            ],
            "enable_script_exec": false,
            "gpu_list": [],
            "guest_customization_cloud_init_custom_key_values": {},
            "guest_customization_cloud_init_meta_data": "",
            "guest_customization_cloud_init_user_data": "",
            "guest_customization_is_overridable": false,
            "guest_customization_sysprep": {},
            "guest_customization_sysprep_custom_key_values": {},
            "guest_os_id": "",
            "hardware_clock_timezone": "UTC",
            "host_reference": {
              "kind": "host",
              "name": "192.168.133.104",
              "uuid": "fbd48217-43e6-4cb6-955c-866cfea1e1a8"
            },
            "hypervisor_type": null,
            "id": "2ed209f6-bb4c-4852-a347-5c842caaa7f8",
            "memory_size_mib": 4096,
            "metadata": {
              "creation_time": "2020-08-08 18:35:46 +0000 UTC",
              "last_update_time": "2020-08-08 18:36:08 +0000 UTC",
              "name": "",
              "spec_hash": "",
              "spec_version": "1",
              "uuid": "2ed209f6-bb4c-4852-a347-5c842caaa7f8"
            },
            "name": "node01.0",
            "ngt_credentials": {},
            "ngt_enabled_capability_list": [],
            "nic_list": [
              {
                "ip_endpoint_list": [],
                "is_connected": "true",
                "mac_address": "50:6b:8d:bd:93:79",
                "model": "",
                "network_function_chain_reference": {},
                "network_function_nic_type": "",
                "nic_type": "NORMAL_NIC",
                "subnet_name": "vlan.0",
                "subnet_uuid": "6cdd3209-c4f8-4f7d-b2f5-69a532868a0f",
                "uuid": "96a3ba3f-df24-4789-9ac5-8435edebcdf0"
              }
            ],
            "nic_list_status": [
              {
                "floating_ip": "",
                "ip_endpoint_list": [
                  {
                    "ip": "192.168.132.135",
                    "type": "LEARNED"
                  }
                ],
                "is_connected": "true",
                "mac_address": "50:6b:8d:bd:93:79",
                "model": "",
                "network_function_chain_reference": {},
                "network_function_nic_type": "",
                "nic_type": "NORMAL_NIC",
                "subnet_name": "vlan.0",
                "subnet_uuid": "6cdd3209-c4f8-4f7d-b2f5-69a532868a0f",
                "uuid": "96a3ba3f-df24-4789-9ac5-8435edebcdf0"
              }
            ],
            "num_sockets": 1,
            "num_vcpus_per_socket": 2,
            "num_vnuma_nodes": 0,
            "nutanix_guest_tools": {},
            "owner_reference": {
              "kind": "user",
              "name": "admin",
              "uuid": "00000000-0000-0000-0000-000000000000"
            },
            "parent_reference": {},
            "power_state": "ON",
            "power_state_mechanism": "HARD",
            "project_reference": {
              "kind": "project",
              "name": "default",
              "uuid": "4cc81f6f-9fd7-4a06-8696-40bdd68a3f58"
            },
            "serial_port_list": [],
            "should_fail_on_script_failure": false,
            "state": "COMPLETE",
            "use_hot_add": true,
            "vga_console_enabled": true
          },
          "private": "eyJzY2hlbWFfdmVyc2lvbiI6IjEifQ=="
        },
        {
          "index_key": 1,
          "schema_version": 1,
          "attributes": {
            "api_version": "3.1",
            "availability_zone_reference": {},
            "boot_device_disk_address": {},
            "boot_device_mac_address": "",
            "boot_device_order_list": [],
            "categories": [],
            "cluster_name": "NTNX-DEV",
            "cluster_uuid": "00053f32-d004-7b7e-0000-00000000e296",
            "description": "K8s_centos_server",
            "disk_list": [
              {
                "data_source_reference": {
                  "kind": "image",
                  "uuid": "600a37c2-c4b1-4d11-a189-bad22c9b7f20"
                },
                "device_properties": [
                  {
                    "device_type": "DISK",
                    "disk_address": {
                      "adapter_type": "SCSI",
                      "device_index": "0"
                    }
                  }
                ],
                "disk_size_bytes": 15728640000,
                "disk_size_mib": 15000,
                "storage_config": [],
                "uuid": "f87fd092-d1a4-4e68-870b-861f0739c4ce",
                "volume_group_reference": {}
              }
            ],
            "enable_script_exec": false,
            "gpu_list": [],
            "guest_customization_cloud_init_custom_key_values": {},
            "guest_customization_cloud_init_meta_data": "",
            "guest_customization_cloud_init_user_data": "",
            "guest_customization_is_overridable": false,
            "guest_customization_sysprep": {},
            "guest_customization_sysprep_custom_key_values": {},
            "guest_os_id": "",
            "hardware_clock_timezone": "UTC",
            "host_reference": {
              "kind": "host",
              "name": "192.168.133.104",
              "uuid": "fbd48217-43e6-4cb6-955c-866cfea1e1a8"
            },
            "hypervisor_type": null,
            "id": "b7bbff2f-5345-463a-90db-bf41cf51790f",
            "memory_size_mib": 4096,
            "metadata": {
              "creation_time": "2020-08-08 18:35:45 +0000 UTC",
              "last_update_time": "2020-08-08 18:35:58 +0000 UTC",
              "name": "",
              "spec_hash": "",
              "spec_version": "1",
              "uuid": "b7bbff2f-5345-463a-90db-bf41cf51790f"
            },
            "name": "node01.1",
            "ngt_credentials": {},
            "ngt_enabled_capability_list": [],
            "nic_list": [
              {
                "ip_endpoint_list": [],
                "is_connected": "true",
                "mac_address": "50:6b:8d:72:9b:5a",
                "model": "",
                "network_function_chain_reference": {},
                "network_function_nic_type": "",
                "nic_type": "NORMAL_NIC",
                "subnet_name": "vlan.0",
                "subnet_uuid": "6cdd3209-c4f8-4f7d-b2f5-69a532868a0f",
                "uuid": "caf71a78-6c86-4543-8523-c1ffd563e451"
              }
            ],
            "nic_list_status": [
              {
                "floating_ip": "",
                "ip_endpoint_list": [
                  {
                    "ip": "192.168.132.132",
                    "type": "LEARNED"
                  }
                ],
                "is_connected": "true",
                "mac_address": "50:6b:8d:72:9b:5a",
                "model": "",
                "network_function_chain_reference": {},
                "network_function_nic_type": "",
                "nic_type": "NORMAL_NIC",
                "subnet_name": "vlan.0",
                "subnet_uuid": "6cdd3209-c4f8-4f7d-b2f5-69a532868a0f",
                "uuid": "caf71a78-6c86-4543-8523-c1ffd563e451"
              }
            ],
            "num_sockets": 1,
            "num_vcpus_per_socket": 2,
            "num_vnuma_nodes": 0,
            "nutanix_guest_tools": {},
            "owner_reference": {
              "kind": "user",
              "name": "admin",
              "uuid": "00000000-0000-0000-0000-000000000000"
            },
            "parent_reference": {},
            "power_state": "ON",
            "power_state_mechanism": "HARD",
            "project_reference": {
              "kind": "project",
              "name": "default",
              "uuid": "4cc81f6f-9fd7-4a06-8696-40bdd68a3f58"
            },
            "serial_port_list": [],
            "should_fail_on_script_failure": false,
            "state": "COMPLETE",
            "use_hot_add": true,
            "vga_console_enabled": true
          },
          "private": "eyJzY2hlbWFfdmVyc2lvbiI6IjEifQ=="
        },
        {
          "index_key": 2,
          "schema_version": 1,
          "attributes": {
            "api_version": "3.1",
            "availability_zone_reference": {},
            "boot_device_disk_address": {},
            "boot_device_mac_address": "",
            "boot_device_order_list": [],
            "categories": [],
            "cluster_name": "NTNX-DEV",
            "cluster_uuid": "00053f32-d004-7b7e-0000-00000000e296",
            "description": "K8s_centos_server",
            "disk_list": [
              {
                "data_source_reference": {
                  "kind": "image",
                  "uuid": "600a37c2-c4b1-4d11-a189-bad22c9b7f20"
                },
                "device_properties": [
                  {
                    "device_type": "DISK",
                    "disk_address": {
                      "adapter_type": "SCSI",
                      "device_index": "0"
                    }
                  }
                ],
                "disk_size_bytes": 15728640000,
                "disk_size_mib": 15000,
                "storage_config": [],
                "uuid": "10b63248-0ddc-4c80-b4b7-e6132a693876",
                "volume_group_reference": {}
              }
            ],
            "enable_script_exec": false,
            "gpu_list": [],
            "guest_customization_cloud_init_custom_key_values": {},
            "guest_customization_cloud_init_meta_data": "",
            "guest_customization_cloud_init_user_data": "",
            "guest_customization_is_overridable": false,
            "guest_customization_sysprep": {},
            "guest_customization_sysprep_custom_key_values": {},
            "guest_os_id": "",
            "hardware_clock_timezone": "UTC",
            "host_reference": {
              "kind": "host",
              "name": "192.168.133.104",
              "uuid": "fbd48217-43e6-4cb6-955c-866cfea1e1a8"
            },
            "hypervisor_type": null,
            "id": "da769026-9fcc-4a7a-8896-f02c755d18cb",
            "memory_size_mib": 4096,
            "metadata": {
              "creation_time": "2020-08-08 18:35:45 +0000 UTC",
              "last_update_time": "2020-08-08 18:35:59 +0000 UTC",
              "name": "",
              "spec_hash": "",
              "spec_version": "1",
              "uuid": "da769026-9fcc-4a7a-8896-f02c755d18cb"
            },
            "name": "node01.2",
            "ngt_credentials": {},
            "ngt_enabled_capability_list": [],
            "nic_list": [
              {
                "ip_endpoint_list": [],
                "is_connected": "true",
                "mac_address": "50:6b:8d:5d:5d:6e",
                "model": "",
                "network_function_chain_reference": {},
                "network_function_nic_type": "",
                "nic_type": "NORMAL_NIC",
                "subnet_name": "vlan.0",
                "subnet_uuid": "6cdd3209-c4f8-4f7d-b2f5-69a532868a0f",
                "uuid": "886b8823-b674-4438-9301-1ef2b8444659"
              }
            ],
            "nic_list_status": [
              {
                "floating_ip": "",
                "ip_endpoint_list": [
                  {
                    "ip": "192.168.132.134",
                    "type": "LEARNED"
                  }
                ],
                "is_connected": "true",
                "mac_address": "50:6b:8d:5d:5d:6e",
                "model": "",
                "network_function_chain_reference": {},
                "network_function_nic_type": "",
                "nic_type": "NORMAL_NIC",
                "subnet_name": "vlan.0",
                "subnet_uuid": "6cdd3209-c4f8-4f7d-b2f5-69a532868a0f",
                "uuid": "886b8823-b674-4438-9301-1ef2b8444659"
              }
            ],
            "num_sockets": 1,
            "num_vcpus_per_socket": 2,
            "num_vnuma_nodes": 0,
            "nutanix_guest_tools": {},
            "owner_reference": {
              "kind": "user",
              "name": "admin",
              "uuid": "00000000-0000-0000-0000-000000000000"
            },
            "parent_reference": {},
            "power_state": "ON",
            "power_state_mechanism": "HARD",
            "project_reference": {
              "kind": "project",
              "name": "default",
              "uuid": "4cc81f6f-9fd7-4a06-8696-40bdd68a3f58"
            },
            "serial_port_list": [],
            "should_fail_on_script_failure": false,
            "state": "COMPLETE",
            "use_hot_add": true,
            "vga_console_enabled": true
          },
          "private": "eyJzY2hlbWFfdmVyc2lvbiI6IjEifQ=="
        }
      ]
    }
  ]
}
