{
  "version": 4,
  "terraform_version": "0.12.24",
  "serial": 1,
  "lineage": "97ecef14-fc3e-3c27-625e-fface93e55ef",
  "outputs": {},
  "resources": [
    {
      "mode": "data",
      "type": "nutanix_clusters",
      "name": "clusters",
      "provider": "provider.nutanix",
      "instances": [
        {
          "schema_version": 0,
          "attributes": {
            "api_version": "3.1",
            "entities": [
              {
                "analysis_vm_efficiency_map": {},
                "api_version": "",
                "authorized_public_key_list": [
                  {
                    "key": "ssh-rsa AAAAB3NzaC1yc2EAAAABIwAAAQEAw8NhpiLG/6c8c0LocaQVM6+x8yBvLS+z13nYlqzSKr64HQSH+IIx14bS+uh0xf8ou5ROnbUa44YM9qG2RBK1hBVrwTIKZBwFwOTxDuXH9YoswqflnOeyTGUFerrMxlg5iYvKE01QIErKWt/BJ+hK/qVQi6SHh/WhyjAGNQPxjPBG3oEUFoLV9uDLX9RT/sLIQpBf91DCbF9+2rSToqjydj36d38JbmuGJGqr+DrEd0lKzfiJiQ39t3AXBE1bY2ISX+uwq07XkYZbrHaijrxnOBFZE7ETQmyxdcOvgDxvhnhZpFsUqbPqIqa45CwFWV+btzITvpJkveYjGSGR7ZJNHQ== nutanix@titan",
                    "name": "agave"
                  }
                ],
                "build": {
                  "build_type": "release",
                  "commit_date": "2020-03-27T19:57:30Z",
                  "commit_id": "40f323397468564100c13cae5be145a8b5409233",
                  "full_version": "el7.3-release-euphrates-5.16.1.2-stable-40f323397468564100c13cae5be145a8b5409233",
                  "short_commit_id": "40f323",
                  "version": "5.16.1.2"
                },
                "ca_certificate_list": [],
                "categories": [],
                "certification_signing_info": {},
                "client_auth": {},
                "cluster_arch": "X86_64",
                "domain_server_credentials": {},
                "domain_server_name": "",
                "domain_server_nameserver": "",
                "enabled_feature_list": [
                  "PASSWORD_REMOTE_LOGIN_ENABLED",
                  "SHADOW_CLONES_ENABLED",
                  "SSP_CONFIGURED"
                ],
                "encryption_status": "NOT_SUPPORTED",
                "external_data_services_ip": "",
                "external_ip": "",
                "external_subnet": "192.168.133.0/255.255.255.0",
                "gpu_driver_version": "",
                "http_proxy_list": [],
                "http_proxy_whitelist": [
                  {
                    "target": "192.168.133.110",
                    "target_type": "IPV4_ADDRESS"
                  },
                  {
                    "target": "192.168.133.121",
                    "target_type": "IPV4_ADDRESS"
                  }
                ],
                "internal_subnet": "192.168.132.0/255.255.255.0",
                "is_available": true,
                "management_server_list": [],
                "masquerading_ip": "",
                "masquerading_port": 0,
                "metadata": {
                  "creation_time": "2019-02-21 12:57:22 +0000 UTC",
                  "last_update_time": "2019-09-26 12:51:37 +0000 UTC",
                  "name": "",
                  "spec_hash": "",
                  "spec_version": "25",
                  "uuid": "fd1bd86e-d5e5-42fb-8ccb-385b3e6a12af"
                },
                "name": "Unnamed",
                "name_server_ip_list": [
                  "192.168.132.1",
                  "192.168.132.2"
                ],
                "nfs_subnet_whitelist": [],
                "nodes": [],
                "ntp_server_ip_list": [
                  "192.168.132.1",
                  "192.168.132.2"
                ],
                "operation_mode": "NORMAL",
                "owner_reference": {},
                "project_reference": {},
                "service_list": [
                  "PRISM_CENTRAL"
                ],
                "smtp_server_address": {
                  "fqdn": "smtp.office365.com",
                  "ip": "",
                  "ipv6": "",
                  "port": "587"
                },
                "smtp_server_credentials": {
                  "password": "",
                  "username": "reports@cellwize.com"
                },
                "smtp_server_email_address": "reports@cellwize.com",
                "smtp_server_proxy_type_list": [],
                "smtp_server_type": "STARTTLS",
                "software_map_ncc": {
                  "software_type": "NCC",
                  "status": "INSTALLED",
                  "version": "ncc-3.9.4.1"
                },
                "software_map_nos": {
                  "software_type": "NOS",
                  "status": "INSTALLED",
                  "version": "5.16.1.2"
                },
                "ssl_key_expire_datetime": "2029-02-17T22:49:06Z",
                "ssl_key_name": "",
                "ssl_key_signing_info": {
                  "city": "San Jose",
                  "common_name": "*.nutanix.local\n",
                  "common_name_suffix": "",
                  "country_code": "US",
                  "email_address": "",
                  "organization": "Nutanix Inc.",
                  "state": "CA"
                },
                "ssl_key_type": "RSA_2048",
                "state": "COMPLETE",
                "supported_information_verbosity": "",
                "timezone": "America/Los_Angeles"
              },
              {
                "analysis_vm_efficiency_map": {
                  "bully_vm_num": "0",
                  "constrained_vm_num": "61",
                  "dead_vm_num": "10",
                  "inefficient_vm_num": "81",
                  "overprovisioned_vm_num": "48"
                },
                "api_version": "",
                "authorized_public_key_list": [],
                "build": {
                  "build_type": "release",
                  "commit_date": "",
                  "commit_id": "4fbdd4d9de331230bb468b3549f530e80ab53bb9",
                  "full_version": "el7.3-release-euphrates-5.15-stable-4fbdd4d9de331230bb468b3549f530e80ab53bb9",
                  "short_commit_id": "4fbdd4",
                  "version": "5.15"
                },
                "ca_certificate_list": [],
                "categories": [],
                "certification_signing_info": {},
                "client_auth": {},
                "cluster_arch": "X86_64",
                "domain_server_credentials": {},
                "domain_server_name": "",
                "domain_server_nameserver": "",
                "enabled_feature_list": [
                  "PASSWORD_REMOTE_LOGIN_ENABLED",
                  "SHADOW_CLONES_ENABLED",
                  "COMMON_CRITERIA_MODE_ENABLED",
                  "SSP_CONFIGURED"
                ],
                "encryption_status": "NOT_SUPPORTED",
                "external_data_services_ip": "192.168.132.129",
                "external_ip": "192.168.133.110",
                "external_subnet": "192.168.133.0/255.255.255.0",
                "gpu_driver_version": "",
                "http_proxy_list": [],
                "http_proxy_whitelist": [
                  {
                    "target": "192.168.133.120",
                    "target_type": "IPV4_ADDRESS"
                  }
                ],
                "internal_subnet": "192.168.5.0/255.255.255.128",
                "is_available": true,
                "management_server_list": [],
                "masquerading_ip": "",
                "masquerading_port": 0,
                "metadata": {
                  "creation_time": "2019-02-21 16:29:23 +0000 UTC",
                  "last_update_time": "2020-06-29 08:04:07 +0000 UTC",
                  "name": "",
                  "spec_hash": "",
                  "spec_version": "18",
                  "uuid": "00053f32-d004-7b7e-0000-00000000e296"
                },
                "name": "NTNX-DEV",
                "name_server_ip_list": [
                  "192.168.132.1",
                  "192.168.132.2"
                ],
                "nfs_subnet_whitelist": [],
                "nodes": [
                  {
                    "ip": "127.0.0.1",
                    "type": "AHV",
                    "version": ""
                  },
                  {
                    "ip": "192.168.133.103",
                    "type": "AHV",
                    "version": "el6.nutanix.20170830.395"
                  },
                  {
                    "ip": "192.168.133.101",
                    "type": "AHV",
                    "version": "el6.nutanix.20170830.395"
                  },
                  {
                    "ip": "192.168.133.102",
                    "type": "AHV",
                    "version": "el6.nutanix.20170830.395"
                  },
                  {
                    "ip": "192.168.133.104",
                    "type": "AHV",
                    "version": "el6.nutanix.20170830.395"
                  },
                  {
                    "ip": "192.168.133.105",
                    "type": "AHV",
                    "version": "el6.nutanix.20170830.395"
                  }
                ],
                "ntp_server_ip_list": [
                  "192.168.132.1",
                  "192.168.132.2"
                ],
                "operation_mode": "NORMAL",
                "owner_reference": {
                  "kind": "user",
                  "name": "admin",
                  "uuid": "00000000-0000-0000-0000-000000000000"
                },
                "project_reference": {},
                "service_list": [
                  "AOS"
                ],
                "smtp_server_address": {
                  "fqdn": "smtp.office365.com",
                  "ip": "",
                  "ipv6": "",
                  "port": "587"
                },
                "smtp_server_credentials": {
                  "password": "",
                  "username": "reports@cellwize.com"
                },
                "smtp_server_email_address": "reports@cellwize.com",
                "smtp_server_proxy_type_list": [],
                "smtp_server_type": "STARTTLS",
                "software_map_ncc": {
                  "software_type": "NCC",
                  "status": "INSTALLED",
                  "version": "ncc-3.9.4.1"
                },
                "software_map_nos": {
                  "software_type": "NOS",
                  "status": "INSTALLED",
                  "version": "5.15"
                },
                "ssl_key_expire_datetime": "2029-02-17T22:49:06Z",
                "ssl_key_name": "",
                "ssl_key_signing_info": {
                  "city": "San Jose",
                  "common_name": "*.nutanix.local\n",
                  "common_name_suffix": "",
                  "country_code": "US",
                  "email_address": "",
                  "organization": "Nutanix Inc.",
                  "state": "CA"
                },
                "ssl_key_type": "RSA_2048",
                "state": "COMPLETE",
                "supported_information_verbosity": "BASIC_PLUS_CORE_DUMP",
                "timezone": "Israel"
              },
              {
                "analysis_vm_efficiency_map": {
                  "bully_vm_num": "0",
                  "constrained_vm_num": "1",
                  "dead_vm_num": "0",
                  "inefficient_vm_num": "26",
                  "overprovisioned_vm_num": "26"
                },
                "api_version": "",
                "authorized_public_key_list": [],
                "build": {
                  "build_type": "release",
                  "commit_date": "",
                  "commit_id": "4fbdd4d9de331230bb468b3549f530e80ab53bb9",
                  "full_version": "el7.3-release-euphrates-5.15-stable-4fbdd4d9de331230bb468b3549f530e80ab53bb9",
                  "short_commit_id": "4fbdd4",
                  "version": "5.15"
                },
                "ca_certificate_list": [],
                "categories": [],
                "certification_signing_info": {},
                "client_auth": {},
                "cluster_arch": "X86_64",
                "domain_server_credentials": {},
                "domain_server_name": "",
                "domain_server_nameserver": "",
                "enabled_feature_list": [
                  "PASSWORD_REMOTE_LOGIN_ENABLED",
                  "SHADOW_CLONES_ENABLED"
                ],
                "encryption_status": "NOT_SUPPORTED",
                "external_data_services_ip": "192.168.133.122",
                "external_ip": "192.168.133.121",
                "external_subnet": "192.168.133.0/255.255.255.0",
                "gpu_driver_version": "",
                "http_proxy_list": [],
                "http_proxy_whitelist": [
                  {
                    "target": "192.168.133.120",
                    "target_type": "IPV4_ADDRESS"
                  }
                ],
                "internal_subnet": "192.168.5.0/255.255.255.128",
                "is_available": true,
                "management_server_list": [],
                "masquerading_ip": "",
                "masquerading_port": 0,
                "metadata": {
                  "creation_time": "2020-05-27 07:52:03 +0000 UTC",
                  "last_update_time": "2020-05-27 07:52:03 +0000 UTC",
                  "name": "",
                  "spec_hash": "",
                  "spec_version": "17",
                  "uuid": "0005a661-2b3f-a7c8-7fe8-48df37c63c30"
                },
                "name": "NTNX-PROD",
                "name_server_ip_list": [
                  "192.168.132.1",
                  "192.168.132.2"
                ],
                "nfs_subnet_whitelist": [
                  "192.168.132.61/255.255.255.255"
                ],
                "nodes": [
                  {
                    "ip": "192.168.133.108",
                    "type": "AHV",
                    "version": "el6.nutanix.20170830.395"
                  },
                  {
                    "ip": "127.0.0.1",
                    "type": "AHV",
                    "version": ""
                  },
                  {
                    "ip": "192.168.133.106",
                    "type": "AHV",
                    "version": "el6.nutanix.20170830.395"
                  },
                  {
                    "ip": "192.168.133.107",
                    "type": "AHV",
                    "version": "el6.nutanix.20170830.395"
                  }
                ],
                "ntp_server_ip_list": [
                  "192.168.132.1",
                  "192.168.132.2"
                ],
                "operation_mode": "NORMAL",
                "owner_reference": {},
                "project_reference": {},
                "service_list": [
                  "AOS"
                ],
                "smtp_server_address": {},
                "smtp_server_credentials": {},
                "smtp_server_email_address": "",
                "smtp_server_proxy_type_list": [],
                "smtp_server_type": "",
                "software_map_ncc": {
                  "software_type": "NCC",
                  "status": "INSTALLED",
                  "version": "ncc-3.9.4.1"
                },
                "software_map_nos": {
                  "software_type": "NOS",
                  "status": "INSTALLED",
                  "version": "5.15"
                },
                "ssl_key_expire_datetime": "2029-02-17T22:49:06Z",
                "ssl_key_name": "",
                "ssl_key_signing_info": {
                  "city": "San Jose",
                  "common_name": "*.nutanix.local\n",
                  "common_name_suffix": "",
                  "country_code": "US",
                  "email_address": "",
                  "organization": "Nutanix Inc.",
                  "state": "CA"
                },
                "ssl_key_type": "RSA_2048",
                "state": "COMPLETE",
                "supported_information_verbosity": "BASIC_PLUS_CORE_DUMP",
                "timezone": "Asia/Jerusalem"
              }
            ],
            "id": "terraform-20200803113720261000000001"
          }
        }
      ]
    },
    {
      "mode": "managed",
      "type": "nutanix_image",
      "name": "CentOS-7-aarch64-GenericCloud-1606",
      "provider": "provider.nutanix",
      "instances": [
        {
          "schema_version": 1,
          "attributes": {
            "api_version": "3.1",
            "architecture": null,
            "availability_zone_reference": {},
            "categories": [],
            "checksum": {},
            "cluster_name": null,
            "cluster_uuid": null,
            "description": "heres a tiny linux image",
            "id": "b594fd02-f613-4fc2-992f-1762d7e76d8c",
            "image_type": "DISK_IMAGE",
            "metadata": {
              "creation_time": "2020-08-03 11:37:24 +0000 UTC",
              "last_update_time": "2020-08-03 11:40:08 +0000 UTC",
              "name": "",
              "spec_hash": "",
              "spec_version": "1",
              "uuid": "b594fd02-f613-4fc2-992f-1762d7e76d8c"
            },
            "name": "CentOS-7-aarch64-GenericCloud-1606",
            "owner_reference": {
              "kind": "user",
              "name": "admin",
              "uuid": "00000000-0000-0000-0000-000000000000"
            },
            "project_reference": null,
            "retrieval_uri_list": [
              "https://127.0.0.1:9440/api/nutanix/v3/images/b594fd02-f613-4fc2-992f-1762d7e76d8c/file"
            ],
            "size_bytes": 283838976,
            "source_path": null,
            "source_uri": "http://cloud.centos.org/centos/7/images/CentOS-7-aarch64-GenericCloud-1606.qcow2.xz",
            "state": "COMPLETE",
            "version": {}
          },
          "private": "eyJzY2hlbWFfdmVyc2lvbiI6IjEifQ=="
        }
      ]
    },
    {
      "mode": "managed",
      "type": "nutanix_virtual_machine",
      "name": "vm",
      "each": "list",
      "provider": "provider.nutanix",
      "instances": []
    }
  ]
}
